
Microsoft Visual Studio Solution File, Format Version 12.00
# Visual Studio Version 17
VisualStudioVersion = 17.0.31903.59
MinimumVisualStudioVersion = 10.0.40219.1
Project("{9A19103F-16F7-4668-BE54-9A1E7A4F7556}") = "PlainTransit.Server", "PlainTransit.Server\PlainTransit.Server.csproj", "{83180656-9B39-49CA-B6C7-A1F77060FD1A}"
EndProject
Project("{9A19103F-16F7-4668-BE54-9A1E7A4F7556}") = "PlainTransit.Core", "PlainTransit.Core\PlainTransit.Core.csproj", "{0EF7CFF2-BF5F-4EEB-A16D-32BCEE544DF1}"
EndProject
Global
	GlobalSection(SolutionConfigurationPlatforms) = preSolution
		Debug|Any CPU = Debug|Any CPU
		Release|Any CPU = Release|Any CPU
	EndGlobalSection
	GlobalSection(ProjectConfigurationPlatforms) = postSolution
		{83180656-9B39-49CA-B6C7-A1F77060FD1A}.Debug|Any CPU.ActiveCfg = Debug|Any CPU
		{83180656-9B39-49CA-B6C7-A1F77060FD1A}.Debug|Any CPU.Build.0 = Debug|Any CPU
		{83180656-9B39-49CA-B6C7-A1F77060FD1A}.Release|Any CPU.ActiveCfg = Release|Any CPU
		{83180656-9B39-49CA-B6C7-A1F77060FD1A}.Release|Any CPU.Build.0 = Release|Any CPU
		{0EF7CFF2-BF5F-4EEB-A16D-32BCEE544DF1}.Debug|Any CPU.ActiveCfg = Debug|Any CPU
		{0EF7CFF2-BF5F-4EEB-A16D-32BCEE544DF1}.Debug|Any CPU.Build.0 = Debug|Any CPU
		{0EF7CFF2-BF5F-4EEB-A16D-32BCEE544DF1}.Release|Any CPU.ActiveCfg = Release|Any CPU
		{0EF7CFF2-BF5F-4EEB-A16D-32BCEE544DF1}.Release|Any CPU.Build.0 = Release|Any CPU
	EndGlobalSection
	GlobalSection(SolutionProperties) = preSolution
		HideSolutionNode = FALSE
	EndGlobalSection
	GlobalSection(ExtensibilityGlobals) = postSolution
		SolutionGuid = {34FD5416-CB13-4921-A35D-9EBAC58CBACF}
	EndGlobalSection
EndGlobal
